
Microsoft Visual Studio Solution File, Format Version 12.00
# Visual Studio Version 17
VisualStudioVersion = 17.4.33213.308
MinimumVisualStudioVersion = 10.0.40219.1
Project("{9A19103F-16F7-4668-BE54-9A1E7A4F7556}") = "DiscordMusicBot.Console", "DiscordMusicBot.Console\DiscordMusicBot.Console.csproj", "{30A6D8D5-A7CD-4462-B943-272D9190E2E2}"
EndProject
Project("{9A19103F-16F7-4668-BE54-9A1E7A4F7556}") = "DiscordMusicBot.InfrastructureIoC", "DiscordMusicBot.InfrastructureIoC\DiscordMusicBot.InfrastructureIoC.csproj", "{D38B4737-C4C4-4425-9180-58720C73C798}"
EndProject
Project("{9A19103F-16F7-4668-BE54-9A1E7A4F7556}") = "DiscordMusicBot.Resources", "DiscordMusicBot.Resources\DiscordMusicBot.Resources.csproj", "{21BEE58A-3738-42B3-8C09-12A571522A45}"
EndProject
Project("{9A19103F-16F7-4668-BE54-9A1E7A4F7556}") = "DiscordMusicBot.Domain", "DiscordMusicBot.Domain\DiscordMusicBot.Domain.csproj", "{D39ECD91-7BE0-47A0-9C12-3C62283B0097}"
EndProject
Project("{9A19103F-16F7-4668-BE54-9A1E7A4F7556}") = "DiscordMusicBot.Application", "DiscordMusicBot.Application\DiscordMusicBot.Application.csproj", "{B410403F-676A-44A9-A600-95A8C0444AF2}"
EndProject
Global
	GlobalSection(SolutionConfigurationPlatforms) = preSolution
		Debug|Any CPU = Debug|Any CPU
		Release|Any CPU = Release|Any CPU
	EndGlobalSection
	GlobalSection(ProjectConfigurationPlatforms) = postSolution
		{D38B4737-C4C4-4425-9180-58720C73C798}.Debug|Any CPU.ActiveCfg = Debug|Any CPU
		{D38B4737-C4C4-4425-9180-58720C73C798}.Debug|Any CPU.Build.0 = Debug|Any CPU
		{D38B4737-C4C4-4425-9180-58720C73C798}.Release|Any CPU.ActiveCfg = Release|Any CPU
		{D38B4737-C4C4-4425-9180-58720C73C798}.Release|Any CPU.Build.0 = Release|Any CPU
		{21BEE58A-3738-42B3-8C09-12A571522A45}.Debug|Any CPU.ActiveCfg = Debug|Any CPU
		{21BEE58A-3738-42B3-8C09-12A571522A45}.Debug|Any CPU.Build.0 = Debug|Any CPU
		{21BEE58A-3738-42B3-8C09-12A571522A45}.Release|Any CPU.ActiveCfg = Release|Any CPU
		{21BEE58A-3738-42B3-8C09-12A571522A45}.Release|Any CPU.Build.0 = Release|Any CPU
		{D39ECD91-7BE0-47A0-9C12-3C62283B0097}.Debug|Any CPU.ActiveCfg = Debug|Any CPU
		{D39ECD91-7BE0-47A0-9C12-3C62283B0097}.Debug|Any CPU.Build.0 = Debug|Any CPU
		{D39ECD91-7BE0-47A0-9C12-3C62283B0097}.Release|Any CPU.ActiveCfg = Release|Any CPU
		{D39ECD91-7BE0-47A0-9C12-3C62283B0097}.Release|Any CPU.Build.0 = Release|Any CPU
		{B410403F-676A-44A9-A600-95A8C0444AF2}.Debug|Any CPU.ActiveCfg = Debug|Any CPU
		{B410403F-676A-44A9-A600-95A8C0444AF2}.Debug|Any CPU.Build.0 = Debug|Any CPU
		{B410403F-676A-44A9-A600-95A8C0444AF2}.Release|Any CPU.ActiveCfg = Release|Any CPU
		{B410403F-676A-44A9-A600-95A8C0444AF2}.Release|Any CPU.Build.0 = Release|Any CPU
		{30A6D8D5-A7CD-4462-B943-272D9190E2E2}.Debug|Any CPU.ActiveCfg = Debug|Any CPU
		{30A6D8D5-A7CD-4462-B943-272D9190E2E2}.Debug|Any CPU.Build.0 = Debug|Any CPU
		{30A6D8D5-A7CD-4462-B943-272D9190E2E2}.Release|Any CPU.ActiveCfg = Release|Any CPU
		{30A6D8D5-A7CD-4462-B943-272D9190E2E2}.Release|Any CPU.Build.0 = Release|Any CPU
	EndGlobalSection
	GlobalSection(SolutionProperties) = preSolution
		HideSolutionNode = FALSE
	EndGlobalSection
	GlobalSection(ExtensibilityGlobals) = postSolution
		SolutionGuid = {365392E5-8FB4-48C4-B03C-CDCBBD33DC39}
	EndGlobalSection
EndGlobal
